
Microsoft Visual Studio Solution File, Format Version 12.00
# Visual Studio 15
VisualStudioVersion = 15.0.28307.136
MinimumVisualStudioVersion = 10.0.40219.1
Project("{FAE04EC0-301F-11D3-BF4B-00C04F79EFBC}") = "RQTools.Android", "RQTools\RQTools.Android\RQTools.Android.csproj", "{B7AEA455-4E83-4C99-8DCF-75DFC0AD4CCC}"
EndProject
Project("{FAE04EC0-301F-11D3-BF4B-00C04F79EFBC}") = "RQTools.iOS", "RQTools\RQTools.iOS\RQTools.iOS.csproj", "{E6927324-8A87-465C-83EF-5C707E195793}"
EndProject
Project("{FAE04EC0-301F-11D3-BF4B-00C04F79EFBC}") = "RQTools", "RQTools\RQTools\RQTools.csproj", "{A1BD90F1-B6FC-4933-B634-C86A209836CC}"
EndProject
Global
	GlobalSection(SolutionConfigurationPlatforms) = preSolution
		Ad-Hoc|Any CPU = Ad-Hoc|Any CPU
		Ad-Hoc|iPhone = Ad-Hoc|iPhone
		Ad-Hoc|iPhoneSimulator = Ad-Hoc|iPhoneSimulator
		AppStore|Any CPU = AppStore|Any CPU
		AppStore|iPhone = AppStore|iPhone
		AppStore|iPhoneSimulator = AppStore|iPhoneSimulator
		Debug|Any CPU = Debug|Any CPU
		Debug|iPhone = Debug|iPhone
		Debug|iPhoneSimulator = Debug|iPhoneSimulator
		Release|Any CPU = Release|Any CPU
		Release|iPhone = Release|iPhone
		Release|iPhoneSimulator = Release|iPhoneSimulator
	EndGlobalSection
	GlobalSection(ProjectConfigurationPlatforms) = postSolution
		{B7AEA455-4E83-4C99-8DCF-75DFC0AD4CCC}.Ad-Hoc|Any CPU.ActiveCfg = Release|Any CPU
		{B7AEA455-4E83-4C99-8DCF-75DFC0AD4CCC}.Ad-Hoc|Any CPU.Build.0 = Release|Any CPU
		{B7AEA455-4E83-4C99-8DCF-75DFC0AD4CCC}.Ad-Hoc|Any CPU.Deploy.0 = Release|Any CPU
		{B7AEA455-4E83-4C99-8DCF-75DFC0AD4CCC}.Ad-Hoc|iPhone.ActiveCfg = Release|Any CPU
		{B7AEA455-4E83-4C99-8DCF-75DFC0AD4CCC}.Ad-Hoc|iPhone.Build.0 = Release|Any CPU
		{B7AEA455-4E83-4C99-8DCF-75DFC0AD4CCC}.Ad-Hoc|iPhone.Deploy.0 = Release|Any CPU
		{B7AEA455-4E83-4C99-8DCF-75DFC0AD4CCC}.Ad-Hoc|iPhoneSimulator.ActiveCfg = Release|Any CPU
		{B7AEA455-4E83-4C99-8DCF-75DFC0AD4CCC}.Ad-Hoc|iPhoneSimulator.Build.0 = Release|Any CPU
		{B7AEA455-4E83-4C99-8DCF-75DFC0AD4CCC}.Ad-Hoc|iPhoneSimulator.Deploy.0 = Release|Any CPU
		{B7AEA455-4E83-4C99-8DCF-75DFC0AD4CCC}.AppStore|Any CPU.ActiveCfg = Release|Any CPU
		{B7AEA455-4E83-4C99-8DCF-75DFC0AD4CCC}.AppStore|Any CPU.Build.0 = Release|Any CPU
		{B7AEA455-4E83-4C99-8DCF-75DFC0AD4CCC}.AppStore|Any CPU.Deploy.0 = Release|Any CPU
		{B7AEA455-4E83-4C99-8DCF-75DFC0AD4CCC}.AppStore|iPhone.ActiveCfg = Release|Any CPU
		{B7AEA455-4E83-4C99-8DCF-75DFC0AD4CCC}.AppStore|iPhone.Build.0 = Release|Any CPU
		{B7AEA455-4E83-4C99-8DCF-75DFC0AD4CCC}.AppStore|iPhone.Deploy.0 = Release|Any CPU
		{B7AEA455-4E83-4C99-8DCF-75DFC0AD4CCC}.AppStore|iPhoneSimulator.ActiveCfg = Release|Any CPU
		{B7AEA455-4E83-4C99-8DCF-75DFC0AD4CCC}.AppStore|iPhoneSimulator.Build.0 = Release|Any CPU
		{B7AEA455-4E83-4C99-8DCF-75DFC0AD4CCC}.AppStore|iPhoneSimulator.Deploy.0 = Release|Any CPU
		{B7AEA455-4E83-4C99-8DCF-75DFC0AD4CCC}.Debug|Any CPU.ActiveCfg = Debug|Any CPU
		{B7AEA455-4E83-4C99-8DCF-75DFC0AD4CCC}.Debug|Any CPU.Build.0 = Debug|Any CPU
		{B7AEA455-4E83-4C99-8DCF-75DFC0AD4CCC}.Debug|Any CPU.Deploy.0 = Debug|Any CPU
		{B7AEA455-4E83-4C99-8DCF-75DFC0AD4CCC}.Debug|iPhone.ActiveCfg = Debug|Any CPU
		{B7AEA455-4E83-4C99-8DCF-75DFC0AD4CCC}.Debug|iPhone.Build.0 = Debug|Any CPU
		{B7AEA455-4E83-4C99-8DCF-75DFC0AD4CCC}.Debug|iPhone.Deploy.0 = Debug|Any CPU
		{B7AEA455-4E83-4C99-8DCF-75DFC0AD4CCC}.Debug|iPhoneSimulator.ActiveCfg = Debug|Any CPU
		{B7AEA455-4E83-4C99-8DCF-75DFC0AD4CCC}.Debug|iPhoneSimulator.Build.0 = Debug|Any CPU
		{B7AEA455-4E83-4C99-8DCF-75DFC0AD4CCC}.Debug|iPhoneSimulator.Deploy.0 = Debug|Any CPU
		{B7AEA455-4E83-4C99-8DCF-75DFC0AD4CCC}.Release|Any CPU.ActiveCfg = Release|Any CPU
		{B7AEA455-4E83-4C99-8DCF-75DFC0AD4CCC}.Release|Any CPU.Build.0 = Release|Any CPU
		{B7AEA455-4E83-4C99-8DCF-75DFC0AD4CCC}.Release|Any CPU.Deploy.0 = Release|Any CPU
		{B7AEA455-4E83-4C99-8DCF-75DFC0AD4CCC}.Release|iPhone.ActiveCfg = Release|Any CPU
		{B7AEA455-4E83-4C99-8DCF-75DFC0AD4CCC}.Release|iPhone.Build.0 = Release|Any CPU
		{B7AEA455-4E83-4C99-8DCF-75DFC0AD4CCC}.Release|iPhone.Deploy.0 = Release|Any CPU
		{B7AEA455-4E83-4C99-8DCF-75DFC0AD4CCC}.Release|iPhoneSimulator.ActiveCfg = Release|Any CPU
		{B7AEA455-4E83-4C99-8DCF-75DFC0AD4CCC}.Release|iPhoneSimulator.Build.0 = Release|Any CPU
		{B7AEA455-4E83-4C99-8DCF-75DFC0AD4CCC}.Release|iPhoneSimulator.Deploy.0 = Release|Any CPU
		{E6927324-8A87-465C-83EF-5C707E195793}.Ad-Hoc|Any CPU.ActiveCfg = Ad-Hoc|iPhone
		{E6927324-8A87-465C-83EF-5C707E195793}.Ad-Hoc|Any CPU.Build.0 = Ad-Hoc|iPhone
		{E6927324-8A87-465C-83EF-5C707E195793}.Ad-Hoc|Any CPU.Deploy.0 = Ad-Hoc|iPhone
		{E6927324-8A87-465C-83EF-5C707E195793}.Ad-Hoc|iPhone.ActiveCfg = Ad-Hoc|iPhone
		{E6927324-8A87-465C-83EF-5C707E195793}.Ad-Hoc|iPhone.Build.0 = Ad-Hoc|iPhone
		{E6927324-8A87-465C-83EF-5C707E195793}.Ad-Hoc|iPhone.Deploy.0 = Ad-Hoc|iPhone
		{E6927324-8A87-465C-83EF-5C707E195793}.Ad-Hoc|iPhoneSimulator.ActiveCfg = Ad-Hoc|iPhoneSimulator
		{E6927324-8A87-465C-83EF-5C707E195793}.Ad-Hoc|iPhoneSimulator.Build.0 = Ad-Hoc|iPhoneSimulator
		{E6927324-8A87-465C-83EF-5C707E195793}.Ad-Hoc|iPhoneSimulator.Deploy.0 = Ad-Hoc|iPhoneSimulator
		{E6927324-8A87-465C-83EF-5C707E195793}.AppStore|Any CPU.ActiveCfg = AppStore|iPhone
		{E6927324-8A87-465C-83EF-5C707E195793}.AppStore|Any CPU.Build.0 = AppStore|iPhone
		{E6927324-8A87-465C-83EF-5C707E195793}.AppStore|Any CPU.Deploy.0 = AppStore|iPhone
		{E6927324-8A87-465C-83EF-5C707E195793}.AppStore|iPhone.ActiveCfg = AppStore|iPhone
		{E6927324-8A87-465C-83EF-5C707E195793}.AppStore|iPhone.Build.0 = AppStore|iPhone
		{E6927324-8A87-465C-83EF-5C707E195793}.AppStore|iPhone.Deploy.0 = AppStore|iPhone
		{E6927324-8A87-465C-83EF-5C707E195793}.AppStore|iPhoneSimulator.ActiveCfg = AppStore|iPhoneSimulator
		{E6927324-8A87-465C-83EF-5C707E195793}.AppStore|iPhoneSimulator.Build.0 = AppStore|iPhoneSimulator
		{E6927324-8A87-465C-83EF-5C707E195793}.AppStore|iPhoneSimulator.Deploy.0 = AppStore|iPhoneSimulator
		{E6927324-8A87-465C-83EF-5C707E195793}.Debug|Any CPU.ActiveCfg = Debug|iPhoneSimulator
		{E6927324-8A87-465C-83EF-5C707E195793}.Debug|Any CPU.Build.0 = Debug|iPhoneSimulator
		{E6927324-8A87-465C-83EF-5C707E195793}.Debug|Any CPU.Deploy.0 = Debug|iPhoneSimulator
		{E6927324-8A87-465C-83EF-5C707E195793}.Debug|iPhone.ActiveCfg = Debug|iPhone
		{E6927324-8A87-465C-83EF-5C707E195793}.Debug|iPhone.Build.0 = Debug|iPhone
		{E6927324-8A87-465C-83EF-5C707E195793}.Debug|iPhone.Deploy.0 = Debug|iPhone
		{E6927324-8A87-465C-83EF-5C707E195793}.Debug|iPhoneSimulator.ActiveCfg = Debug|iPhoneSimulator
		{E6927324-8A87-465C-83EF-5C707E195793}.Debug|iPhoneSimulator.Build.0 = Debug|iPhoneSimulator
		{E6927324-8A87-465C-83EF-5C707E195793}.Debug|iPhoneSimulator.Deploy.0 = Debug|iPhoneSimulator
		{E6927324-8A87-465C-83EF-5C707E195793}.Release|Any CPU.ActiveCfg = Release|iPhone
		{E6927324-8A87-465C-83EF-5C707E195793}.Release|Any CPU.Build.0 = Release|iPhone
		{E6927324-8A87-465C-83EF-5C707E195793}.Release|Any CPU.Deploy.0 = Release|iPhone
		{E6927324-8A87-465C-83EF-5C707E195793}.Release|iPhone.ActiveCfg = Release|iPhone
		{E6927324-8A87-465C-83EF-5C707E195793}.Release|iPhone.Build.0 = Release|iPhone
		{E6927324-8A87-465C-83EF-5C707E195793}.Release|iPhone.Deploy.0 = Release|iPhone
		{E6927324-8A87-465C-83EF-5C707E195793}.Release|iPhoneSimulator.ActiveCfg = Release|iPhoneSimulator
		{E6927324-8A87-465C-83EF-5C707E195793}.Release|iPhoneSimulator.Build.0 = Release|iPhoneSimulator
		{E6927324-8A87-465C-83EF-5C707E195793}.Release|iPhoneSimulator.Deploy.0 = Release|iPhoneSimulator
		{A1BD90F1-B6FC-4933-B634-C86A209836CC}.Ad-Hoc|Any CPU.ActiveCfg = Debug|Any CPU
		{A1BD90F1-B6FC-4933-B634-C86A209836CC}.Ad-Hoc|Any CPU.Build.0 = Debug|Any CPU
		{A1BD90F1-B6FC-4933-B634-C86A209836CC}.Ad-Hoc|Any CPU.Deploy.0 = Debug|Any CPU
		{A1BD90F1-B6FC-4933-B634-C86A209836CC}.Ad-Hoc|iPhone.ActiveCfg = Debug|Any CPU
		{A1BD90F1-B6FC-4933-B634-C86A209836CC}.Ad-Hoc|iPhone.Build.0 = Debug|Any CPU
		{A1BD90F1-B6FC-4933-B634-C86A209836CC}.Ad-Hoc|iPhone.Deploy.0 = Debug|Any CPU
		{A1BD90F1-B6FC-4933-B634-C86A209836CC}.Ad-Hoc|iPhoneSimulator.ActiveCfg = Debug|Any CPU
		{A1BD90F1-B6FC-4933-B634-C86A209836CC}.Ad-Hoc|iPhoneSimulator.Build.0 = Debug|Any CPU
		{A1BD90F1-B6FC-4933-B634-C86A209836CC}.Ad-Hoc|iPhoneSimulator.Deploy.0 = Debug|Any CPU
		{A1BD90F1-B6FC-4933-B634-C86A209836CC}.AppStore|Any CPU.ActiveCfg = Debug|Any CPU
		{A1BD90F1-B6FC-4933-B634-C86A209836CC}.AppStore|Any CPU.Build.0 = Debug|Any CPU
		{A1BD90F1-B6FC-4933-B634-C86A209836CC}.AppStore|Any CPU.Deploy.0 = Debug|Any CPU
		{A1BD90F1-B6FC-4933-B634-C86A209836CC}.AppStore|iPhone.ActiveCfg = Debug|Any CPU
		{A1BD90F1-B6FC-4933-B634-C86A209836CC}.AppStore|iPhone.Build.0 = Debug|Any CPU
		{A1BD90F1-B6FC-4933-B634-C86A209836CC}.AppStore|iPhone.Deploy.0 = Debug|Any CPU
		{A1BD90F1-B6FC-4933-B634-C86A209836CC}.AppStore|iPhoneSimulator.ActiveCfg = Debug|Any CPU
		{A1BD90F1-B6FC-4933-B634-C86A209836CC}.AppStore|iPhoneSimulator.Build.0 = Debug|Any CPU
		{A1BD90F1-B6FC-4933-B634-C86A209836CC}.AppStore|iPhoneSimulator.Deploy.0 = Debug|Any CPU
		{A1BD90F1-B6FC-4933-B634-C86A209836CC}.Debug|Any CPU.ActiveCfg = Debug|Any CPU
		{A1BD90F1-B6FC-4933-B634-C86A209836CC}.Debug|Any CPU.Build.0 = Debug|Any CPU
		{A1BD90F1-B6FC-4933-B634-C86A209836CC}.Debug|Any CPU.Deploy.0 = Debug|Any CPU
		{A1BD90F1-B6FC-4933-B634-C86A209836CC}.Debug|iPhone.ActiveCfg = Debug|Any CPU
		{A1BD90F1-B6FC-4933-B634-C86A209836CC}.Debug|iPhone.Build.0 = Debug|Any CPU
		{A1BD90F1-B6FC-4933-B634-C86A209836CC}.Debug|iPhone.Deploy.0 = Debug|Any CPU
		{A1BD90F1-B6FC-4933-B634-C86A209836CC}.Debug|iPhoneSimulator.ActiveCfg = Debug|Any CPU
		{A1BD90F1-B6FC-4933-B634-C86A209836CC}.Debug|iPhoneSimulator.Build.0 = Debug|Any CPU
		{A1BD90F1-B6FC-4933-B634-C86A209836CC}.Debug|iPhoneSimulator.Deploy.0 = Debug|Any CPU
		{A1BD90F1-B6FC-4933-B634-C86A209836CC}.Release|Any CPU.ActiveCfg = Release|Any CPU
		{A1BD90F1-B6FC-4933-B634-C86A209836CC}.Release|Any CPU.Build.0 = Release|Any CPU
		{A1BD90F1-B6FC-4933-B634-C86A209836CC}.Release|Any CPU.Deploy.0 = Release|Any CPU
		{A1BD90F1-B6FC-4933-B634-C86A209836CC}.Release|iPhone.ActiveCfg = Release|Any CPU
		{A1BD90F1-B6FC-4933-B634-C86A209836CC}.Release|iPhone.Build.0 = Release|Any CPU
		{A1BD90F1-B6FC-4933-B634-C86A209836CC}.Release|iPhone.Deploy.0 = Release|Any CPU
		{A1BD90F1-B6FC-4933-B634-C86A209836CC}.Release|iPhoneSimulator.ActiveCfg = Release|Any CPU
		{A1BD90F1-B6FC-4933-B634-C86A209836CC}.Release|iPhoneSimulator.Build.0 = Release|Any CPU
		{A1BD90F1-B6FC-4933-B634-C86A209836CC}.Release|iPhoneSimulator.Deploy.0 = Release|Any CPU
	EndGlobalSection
	GlobalSection(SolutionProperties) = preSolution
		HideSolutionNode = FALSE
	EndGlobalSection
	GlobalSection(ExtensibilityGlobals) = postSolution
		SolutionGuid = {7C089D93-408E-4B1F-86C9-C76CD8C8836B}
	EndGlobalSection
	GlobalSection(MonoDevelopProperties) = preSolution
		Policies = $0
		$0.DotNetNamingPolicy = $1
		$1.DirectoryNamespaceAssociation = PrefixedHierarchical
		$0.StandardHeader = $2
		$0.TextStylePolicy = $3
		$3.inheritsSet = null
		$3.scope = application/android+xml
		$0.XmlFormattingPolicy = $4
		$4.inheritsSet = null
		$4.scope = application/android+xml
		$0.VersionControlPolicy = $5
		description = Beta version 1.0
	EndGlobalSection
EndGlobal
